
Microsoft Visual Studio Solution File, Format Version 12.00
# Visual Studio Version 17
VisualStudioVersion = 17.14.37216.2 d17.14
MinimumVisualStudioVersion = 10.0.40219.1
Project("{FAE04EC0-301F-11D3-BF4B-00C04F79EFBC}") = "liste-2026-FilipPetrovic", "liste-2026-FilipPetrovic.csproj", "{07ABC04C-C908-4711-8725-6E78E87D2ADE}"
EndProject
Global
	GlobalSection(SolutionConfigurationPlatforms) = preSolution
		Debug|Any CPU = Debug|Any CPU
		Release|Any CPU = Release|Any CPU
	EndGlobalSection
	GlobalSection(ProjectConfigurationPlatforms) = postSolution
		{07ABC04C-C908-4711-8725-6E78E87D2ADE}.Debug|Any CPU.ActiveCfg = Debug|Any CPU
		{07ABC04C-C908-4711-8725-6E78E87D2ADE}.Debug|Any CPU.Build.0 = Debug|Any CPU
		{07ABC04C-C908-4711-8725-6E78E87D2ADE}.Release|Any CPU.ActiveCfg = Release|Any CPU
		{07ABC04C-C908-4711-8725-6E78E87D2ADE}.Release|Any CPU.Build.0 = Release|Any CPU
	EndGlobalSection
	GlobalSection(SolutionProperties) = preSolution
		HideSolutionNode = FALSE
	EndGlobalSection
	GlobalSection(ExtensibilityGlobals) = postSolution
		SolutionGuid = {65DC411D-C71E-48DD-B205-24A39C49C021}
	EndGlobalSection
EndGlobal
